
Microsoft Visual Studio Solution File, Format Version 12.00
# Visual Studio Version 16
VisualStudioVersion = 16.0.29814.53
MinimumVisualStudioVersion = 10.0.40219.1
Project("{FAE04EC0-301F-11D3-BF4B-00C04F79EFBC}") = "LanchesArqui", "LanchesArqui\LanchesArqui.csproj", "{CDB410CF-1CFA-4FEE-B4AE-D137951909E5}"
EndProject
Global
	GlobalSection(SolutionConfigurationPlatforms) = preSolution
		Debug|Any CPU = Debug|Any CPU
		Release|Any CPU = Release|Any CPU
	EndGlobalSection
	GlobalSection(ProjectConfigurationPlatforms) = postSolution
		{CDB410CF-1CFA-4FEE-B4AE-D137951909E5}.Debug|Any CPU.ActiveCfg = Debug|Any CPU
		{CDB410CF-1CFA-4FEE-B4AE-D137951909E5}.Debug|Any CPU.Build.0 = Debug|Any CPU
		{CDB410CF-1CFA-4FEE-B4AE-D137951909E5}.Release|Any CPU.ActiveCfg = Release|Any CPU
		{CDB410CF-1CFA-4FEE-B4AE-D137951909E5}.Release|Any CPU.Build.0 = Release|Any CPU
	EndGlobalSection
	GlobalSection(SolutionProperties) = preSolution
		HideSolutionNode = FALSE
	EndGlobalSection
	GlobalSection(ExtensibilityGlobals) = postSolution
		SolutionGuid = {ED0BDCE2-4BE9-4692-A6F2-7157D3D9D2E3}
	EndGlobalSection
EndGlobal
